
Microsoft Visual Studio Solution File, Format Version 12.00
# Visual Studio 15
VisualStudioVersion = 15.0.26730.16
MinimumVisualStudioVersion = 10.0.40219.1
Project("{2150E333-8FDC-42A3-9474-1A3956D46DE8}") = "src", "src", "{ECDDCC07-A7A1-421D-A9F0-A548626DBA0A}"
EndProject
Project("{2150E333-8FDC-42A3-9474-1A3956D46DE8}") = "tests", "tests", "{33A658F3-77B5-4111-8BE1-7BFE4E6F0F5E}"
EndProject
Project("{FAE04EC0-301F-11D3-BF4B-00C04F79EFBC}") = "PersonalProgressDashboard.Domain", "src\PersonalProgressDashboard.Domain\PersonalProgressDashboard.Domain.csproj", "{8B6665E3-1813-42AB-AEF7-8E3008C30ED4}"
EndProject
Project("{FAE04EC0-301F-11D3-BF4B-00C04F79EFBC}") = "PersonalProgressDashboard.Data", "src\PersonalProgressDashboard.Data\PersonalProgressDashboard.Data.csproj", "{1E48AF20-CC6E-45D8-8348-6AB64F7D23D1}"
EndProject
Project("{FAE04EC0-301F-11D3-BF4B-00C04F79EFBC}") = "PersonalProgressDashboard.Api", "src\PersonalProgressDashboard.Api\PersonalProgressDashboard.Api.csproj", "{2D69457B-B941-481D-8161-B7531ACD074F}"
EndProject
Project("{FAE04EC0-301F-11D3-BF4B-00C04F79EFBC}") = "PersonalProgressDashboard.Web", "src\PersonalProgressDashboard.Web\PersonalProgressDashboard.Web.csproj", "{1CCD9FA3-002B-4E48-92CE-C811F938EE43}"
EndProject
Global
	GlobalSection(SolutionConfigurationPlatforms) = preSolution
		Debug|Any CPU = Debug|Any CPU
		Release|Any CPU = Release|Any CPU
	EndGlobalSection
	GlobalSection(ProjectConfigurationPlatforms) = postSolution
		{8B6665E3-1813-42AB-AEF7-8E3008C30ED4}.Debug|Any CPU.ActiveCfg = Debug|Any CPU
		{8B6665E3-1813-42AB-AEF7-8E3008C30ED4}.Debug|Any CPU.Build.0 = Debug|Any CPU
		{8B6665E3-1813-42AB-AEF7-8E3008C30ED4}.Release|Any CPU.ActiveCfg = Release|Any CPU
		{8B6665E3-1813-42AB-AEF7-8E3008C30ED4}.Release|Any CPU.Build.0 = Release|Any CPU
		{1E48AF20-CC6E-45D8-8348-6AB64F7D23D1}.Debug|Any CPU.ActiveCfg = Debug|Any CPU
		{1E48AF20-CC6E-45D8-8348-6AB64F7D23D1}.Debug|Any CPU.Build.0 = Debug|Any CPU
		{1E48AF20-CC6E-45D8-8348-6AB64F7D23D1}.Release|Any CPU.ActiveCfg = Release|Any CPU
		{1E48AF20-CC6E-45D8-8348-6AB64F7D23D1}.Release|Any CPU.Build.0 = Release|Any CPU
		{2D69457B-B941-481D-8161-B7531ACD074F}.Debug|Any CPU.ActiveCfg = Debug|Any CPU
		{2D69457B-B941-481D-8161-B7531ACD074F}.Debug|Any CPU.Build.0 = Debug|Any CPU
		{2D69457B-B941-481D-8161-B7531ACD074F}.Release|Any CPU.ActiveCfg = Release|Any CPU
		{2D69457B-B941-481D-8161-B7531ACD074F}.Release|Any CPU.Build.0 = Release|Any CPU
		{1CCD9FA3-002B-4E48-92CE-C811F938EE43}.Debug|Any CPU.ActiveCfg = Debug|Any CPU
		{1CCD9FA3-002B-4E48-92CE-C811F938EE43}.Debug|Any CPU.Build.0 = Debug|Any CPU
		{1CCD9FA3-002B-4E48-92CE-C811F938EE43}.Release|Any CPU.ActiveCfg = Release|Any CPU
		{1CCD9FA3-002B-4E48-92CE-C811F938EE43}.Release|Any CPU.Build.0 = Release|Any CPU
	EndGlobalSection
	GlobalSection(SolutionProperties) = preSolution
		HideSolutionNode = FALSE
	EndGlobalSection
	GlobalSection(NestedProjects) = preSolution
		{8B6665E3-1813-42AB-AEF7-8E3008C30ED4} = {ECDDCC07-A7A1-421D-A9F0-A548626DBA0A}
		{1E48AF20-CC6E-45D8-8348-6AB64F7D23D1} = {ECDDCC07-A7A1-421D-A9F0-A548626DBA0A}
		{2D69457B-B941-481D-8161-B7531ACD074F} = {ECDDCC07-A7A1-421D-A9F0-A548626DBA0A}
		{1CCD9FA3-002B-4E48-92CE-C811F938EE43} = {ECDDCC07-A7A1-421D-A9F0-A548626DBA0A}
	EndGlobalSection
	GlobalSection(ExtensibilityGlobals) = postSolution
		SolutionGuid = {7105EB64-925A-40DD-8FC9-72E409E3E38C}
	EndGlobalSection
EndGlobal
