
Microsoft Visual Studio Solution File, Format Version 12.00
# Visual Studio 15
VisualStudioVersion = 15.0.27004.2005
MinimumVisualStudioVersion = 10.0.40219.1
Project("{2150E333-8FDC-42A3-9474-1A3956D46DE8}") = "src", "src", "{ECDDCC07-A7A1-421D-A9F0-A548626DBA0A}"
EndProject
Project("{2150E333-8FDC-42A3-9474-1A3956D46DE8}") = "tests", "tests", "{33A658F3-77B5-4111-8BE1-7BFE4E6F0F5E}"
EndProject
Project("{9A19103F-16F7-4668-BE54-9A1E7A4F7556}") = "PersonalProgressDashboard.Domain", "src\PersonalProgressDashboard.Domain\PersonalProgressDashboard.Domain.csproj", "{8B6665E3-1813-42AB-AEF7-8E3008C30ED4}"
EndProject
Project("{9A19103F-16F7-4668-BE54-9A1E7A4F7556}") = "PersonalProgressDashboard.Data", "src\PersonalProgressDashboard.Data\PersonalProgressDashboard.Data.csproj", "{1E48AF20-CC6E-45D8-8348-6AB64F7D23D1}"
EndProject
Project("{9A19103F-16F7-4668-BE54-9A1E7A4F7556}") = "PersonalProgressDashboard.Api", "src\PersonalProgressDashboard.Api\PersonalProgressDashboard.Api.csproj", "{48E3D4A6-0D55-4E72-BF9F-6668F10BB1C9}"
EndProject
Project("{9A19103F-16F7-4668-BE54-9A1E7A4F7556}") = "PersonalProgressDashboard.Web", "src\PersonalProgressDashboard.Web\PersonalProgressDashboard.Web.csproj", "{4BF133F0-0EFD-4361-BA3B-EFFDA9DA7723}"
EndProject
Project("{9A19103F-16F7-4668-BE54-9A1E7A4F7556}") = "PersonalProgressDashboard.web.Angular", "src\PersonalProgressDashboard.web.Angular\PersonalProgressDashboard.web.Angular.csproj", "{7ADF4FA8-27E8-4D97-9AA3-74D480D4EE7E}"
EndProject
Project("{FAE04EC0-301F-11D3-BF4B-00C04F79EFBC}") = "PersonalProgressDashboard.Api.Tests", "tests\PersonalProgressDashboard.Api.Tests\PersonalProgressDashboard.Api.Tests.csproj", "{FC449411-5D52-47A4-BCEB-8B7EB23157B7}"
EndProject
Project("{FAE04EC0-301F-11D3-BF4B-00C04F79EFBC}") = "PersonalProgressDashboard.Common", "src\PersonalProgressDashboard.Common\PersonalProgressDashboard.Common.csproj", "{17815D8D-C251-49C6-AFB3-4C60BE7BC205}"
EndProject
Global
	GlobalSection(SolutionConfigurationPlatforms) = preSolution
		Debug|Any CPU = Debug|Any CPU
		Release|Any CPU = Release|Any CPU
	EndGlobalSection
	GlobalSection(ProjectConfigurationPlatforms) = postSolution
		{8B6665E3-1813-42AB-AEF7-8E3008C30ED4}.Debug|Any CPU.ActiveCfg = Debug|Any CPU
		{8B6665E3-1813-42AB-AEF7-8E3008C30ED4}.Debug|Any CPU.Build.0 = Debug|Any CPU
		{8B6665E3-1813-42AB-AEF7-8E3008C30ED4}.Release|Any CPU.ActiveCfg = Release|Any CPU
		{8B6665E3-1813-42AB-AEF7-8E3008C30ED4}.Release|Any CPU.Build.0 = Release|Any CPU
		{1E48AF20-CC6E-45D8-8348-6AB64F7D23D1}.Debug|Any CPU.ActiveCfg = Debug|Any CPU
		{1E48AF20-CC6E-45D8-8348-6AB64F7D23D1}.Debug|Any CPU.Build.0 = Debug|Any CPU
		{1E48AF20-CC6E-45D8-8348-6AB64F7D23D1}.Release|Any CPU.ActiveCfg = Release|Any CPU
		{1E48AF20-CC6E-45D8-8348-6AB64F7D23D1}.Release|Any CPU.Build.0 = Release|Any CPU
		{48E3D4A6-0D55-4E72-BF9F-6668F10BB1C9}.Debug|Any CPU.ActiveCfg = Debug|Any CPU
		{48E3D4A6-0D55-4E72-BF9F-6668F10BB1C9}.Debug|Any CPU.Build.0 = Debug|Any CPU
		{48E3D4A6-0D55-4E72-BF9F-6668F10BB1C9}.Release|Any CPU.ActiveCfg = Release|Any CPU
		{48E3D4A6-0D55-4E72-BF9F-6668F10BB1C9}.Release|Any CPU.Build.0 = Release|Any CPU
		{4BF133F0-0EFD-4361-BA3B-EFFDA9DA7723}.Debug|Any CPU.ActiveCfg = Debug|Any CPU
		{4BF133F0-0EFD-4361-BA3B-EFFDA9DA7723}.Debug|Any CPU.Build.0 = Debug|Any CPU
		{4BF133F0-0EFD-4361-BA3B-EFFDA9DA7723}.Release|Any CPU.ActiveCfg = Release|Any CPU
		{4BF133F0-0EFD-4361-BA3B-EFFDA9DA7723}.Release|Any CPU.Build.0 = Release|Any CPU
		{7ADF4FA8-27E8-4D97-9AA3-74D480D4EE7E}.Debug|Any CPU.ActiveCfg = Debug|Any CPU
		{7ADF4FA8-27E8-4D97-9AA3-74D480D4EE7E}.Debug|Any CPU.Build.0 = Debug|Any CPU
		{7ADF4FA8-27E8-4D97-9AA3-74D480D4EE7E}.Release|Any CPU.ActiveCfg = Release|Any CPU
		{7ADF4FA8-27E8-4D97-9AA3-74D480D4EE7E}.Release|Any CPU.Build.0 = Release|Any CPU
		{FC449411-5D52-47A4-BCEB-8B7EB23157B7}.Debug|Any CPU.ActiveCfg = Debug|Any CPU
		{FC449411-5D52-47A4-BCEB-8B7EB23157B7}.Debug|Any CPU.Build.0 = Debug|Any CPU
		{FC449411-5D52-47A4-BCEB-8B7EB23157B7}.Release|Any CPU.ActiveCfg = Release|Any CPU
		{FC449411-5D52-47A4-BCEB-8B7EB23157B7}.Release|Any CPU.Build.0 = Release|Any CPU
		{17815D8D-C251-49C6-AFB3-4C60BE7BC205}.Debug|Any CPU.ActiveCfg = Debug|Any CPU
		{17815D8D-C251-49C6-AFB3-4C60BE7BC205}.Debug|Any CPU.Build.0 = Debug|Any CPU
		{17815D8D-C251-49C6-AFB3-4C60BE7BC205}.Release|Any CPU.ActiveCfg = Release|Any CPU
		{17815D8D-C251-49C6-AFB3-4C60BE7BC205}.Release|Any CPU.Build.0 = Release|Any CPU
	EndGlobalSection
	GlobalSection(SolutionProperties) = preSolution
		HideSolutionNode = FALSE
	EndGlobalSection
	GlobalSection(NestedProjects) = preSolution
		{8B6665E3-1813-42AB-AEF7-8E3008C30ED4} = {ECDDCC07-A7A1-421D-A9F0-A548626DBA0A}
		{1E48AF20-CC6E-45D8-8348-6AB64F7D23D1} = {ECDDCC07-A7A1-421D-A9F0-A548626DBA0A}
		{48E3D4A6-0D55-4E72-BF9F-6668F10BB1C9} = {ECDDCC07-A7A1-421D-A9F0-A548626DBA0A}
		{4BF133F0-0EFD-4361-BA3B-EFFDA9DA7723} = {ECDDCC07-A7A1-421D-A9F0-A548626DBA0A}
		{7ADF4FA8-27E8-4D97-9AA3-74D480D4EE7E} = {ECDDCC07-A7A1-421D-A9F0-A548626DBA0A}
		{FC449411-5D52-47A4-BCEB-8B7EB23157B7} = {33A658F3-77B5-4111-8BE1-7BFE4E6F0F5E}
		{17815D8D-C251-49C6-AFB3-4C60BE7BC205} = {ECDDCC07-A7A1-421D-A9F0-A548626DBA0A}
	EndGlobalSection
	GlobalSection(ExtensibilityGlobals) = postSolution
		SolutionGuid = {7105EB64-925A-40DD-8FC9-72E409E3E38C}
	EndGlobalSection
EndGlobal
